
Microsoft Visual Studio Solution File, Format Version 12.00
# Visual Studio Version 17
VisualStudioVersion = 17.10.34928.147
MinimumVisualStudioVersion = 10.0.40219.1
Project("{FAE04EC0-301F-11D3-BF4B-00C04F79EFBC}") = "GymManagementSystem", "GymManagementSystem\GymManagementSystem.csproj", "{378D4A5A-1691-4AD6-9F2E-F56DBF162D00}"
EndProject
Global
	GlobalSection(SolutionConfigurationPlatforms) = preSolution
		Debug|Any CPU = Debug|Any CPU
		Release|Any CPU = Release|Any CPU
	EndGlobalSection
	GlobalSection(ProjectConfigurationPlatforms) = postSolution
		{378D4A5A-1691-4AD6-9F2E-F56DBF162D00}.Debug|Any CPU.ActiveCfg = Debug|Any CPU
		{378D4A5A-1691-4AD6-9F2E-F56DBF162D00}.Debug|Any CPU.Build.0 = Debug|Any CPU
		{378D4A5A-1691-4AD6-9F2E-F56DBF162D00}.Release|Any CPU.ActiveCfg = Release|Any CPU
		{378D4A5A-1691-4AD6-9F2E-F56DBF162D00}.Release|Any CPU.Build.0 = Release|Any CPU
	EndGlobalSection
	GlobalSection(SolutionProperties) = preSolution
		HideSolutionNode = FALSE
	EndGlobalSection
	GlobalSection(ExtensibilityGlobals) = postSolution
		SolutionGuid = {5460CC17-70A8-4C2B-8040-22B911E4D3B8}
	EndGlobalSection
EndGlobal
